
Microsoft Visual Studio Solution File, Format Version 12.00
# Visual Studio Version 17
VisualStudioVersion = 17.6.33717.318
MinimumVisualStudioVersion = 10.0.40219.1
Project("{FAE04EC0-301F-11D3-BF4B-00C04F79EFBC}") = "BimFormatter", "src\BimFormatter.csproj", "{B3585DB5-9A0C-4F41-8286-449551017660}"
EndProject
Project("{FAE04EC0-301F-11D3-BF4B-00C04F79EFBC}") = "BimFormatter.Tests", "Tests\BimFormatter.Tests.csproj", "{F1170B87-C01A-45FA-B079-ED900D87B19C}"
EndProject
Global
	GlobalSection(SolutionConfigurationPlatforms) = preSolution
		Debug|Any CPU = Debug|Any CPU
		Release|Any CPU = Release|Any CPU
	EndGlobalSection
	GlobalSection(ProjectConfigurationPlatforms) = postSolution
		{B3585DB5-9A0C-4F41-8286-449551017660}.Debug|Any CPU.ActiveCfg = Debug|Any CPU
		{B3585DB5-9A0C-4F41-8286-449551017660}.Debug|Any CPU.Build.0 = Debug|Any CPU
		{B3585DB5-9A0C-4F41-8286-449551017660}.Release|Any CPU.ActiveCfg = Release|Any CPU
		{B3585DB5-9A0C-4F41-8286-449551017660}.Release|Any CPU.Build.0 = Release|Any CPU
		{F1170B87-C01A-45FA-B079-ED900D87B19C}.Debug|Any CPU.ActiveCfg = Debug|Any CPU
		{F1170B87-C01A-45FA-B079-ED900D87B19C}.Debug|Any CPU.Build.0 = Debug|Any CPU
		{F1170B87-C01A-45FA-B079-ED900D87B19C}.Release|Any CPU.ActiveCfg = Release|Any CPU
		{F1170B87-C01A-45FA-B079-ED900D87B19C}.Release|Any CPU.Build.0 = Release|Any CPU
	EndGlobalSection
	GlobalSection(SolutionProperties) = preSolution
		HideSolutionNode = FALSE
	EndGlobalSection
	GlobalSection(ExtensibilityGlobals) = postSolution
		SolutionGuid = {7218BBEA-A1D4-4B96-B4F6-B593549C7AF2}
	EndGlobalSection
EndGlobal
